// !$*UTF8*$!
{
	archiveVersion = 1;
	classes = {
	};
	objectVersion = 46;
	objects = {

/* Begin PBXBuildFile section */
		232CDCB91725CA0100BBB880 /* Cancel.png in Resources */ = {isa = PBXBuildFile; fileRef = 232CDCB71725CA0100BBB880 /* Cancel.png */; };
		232CDCBA1725CA0100BBB880 /* Cancel@2x.png in Resources */ = {isa = PBXBuildFile; fileRef = 232CDCB81725CA0100BBB880 /* Cancel@2x.png */; };
		232CDCBF1725CF1200BBB880 /* Back.png in Resources */ = {isa = PBXBuildFile; fileRef = 232CDCBB1725CF1200BBB880 /* Back.png */; };
		232CDCC01725CF1200BBB880 /* Back@2x.png in Resources */ = {isa = PBXBuildFile; fileRef = 232CDCBC1725CF1200BBB880 /* Back@2x.png */; };
		232CDCC11725CF1200BBB880 /* Forward.png in Resources */ = {isa = PBXBuildFile; fileRef = 232CDCBD1725CF1200BBB880 /* Forward.png */; };
		232CDCC21725CF1200BBB880 /* Forward@2x.png in Resources */ = {isa = PBXBuildFile; fileRef = 232CDCBE1725CF1200BBB880 /* Forward@2x.png */; };
		232CDCC51725D47F00BBB880 /* WaypointStyledTableViewCell.m in Sources */ = {isa = PBXBuildFile; fileRef = 232CDCC41725D47F00BBB880 /* WaypointStyledTableViewCell.m */; };
		23476E74171F64CC0018F3AF /* Icon-72.png in Resources */ = {isa = PBXBuildFile; fileRef = 23476E6A171F64CC0018F3AF /* Icon-72.png */; };
		23476E75171F64CC0018F3AF /* Icon-72@2x.png in Resources */ = {isa = PBXBuildFile; fileRef = 23476E6B171F64CC0018F3AF /* Icon-72@2x.png */; };
		23476E76171F64CC0018F3AF /* Icon-Small-50.png in Resources */ = {isa = PBXBuildFile; fileRef = 23476E6C171F64CC0018F3AF /* Icon-Small-50.png */; };
		23476E77171F64CC0018F3AF /* Icon-Small-50@2x.png in Resources */ = {isa = PBXBuildFile; fileRef = 23476E6D171F64CC0018F3AF /* Icon-Small-50@2x.png */; };
		23476E78171F64CC0018F3AF /* Icon-Small.png in Resources */ = {isa = PBXBuildFile; fileRef = 23476E6E171F64CC0018F3AF /* Icon-Small.png */; };
		23476E79171F64CC0018F3AF /* Icon-Small@2x.png in Resources */ = {isa = PBXBuildFile; fileRef = 23476E6F171F64CC0018F3AF /* Icon-Small@2x.png */; };
		23476E7A171F64CC0018F3AF /* Icon.png in Resources */ = {isa = PBXBuildFile; fileRef = 23476E70171F64CC0018F3AF /* Icon.png */; };
		23476E7B171F64CC0018F3AF /* Icon@2x.png in Resources */ = {isa = PBXBuildFile; fileRef = 23476E71171F64CC0018F3AF /* Icon@2x.png */; };
		23476E7C171F64CC0018F3AF /* iTunesArtwork.png in Resources */ = {isa = PBXBuildFile; fileRef = 23476E72171F64CC0018F3AF /* iTunesArtwork.png */; };
		23476E7D171F64CC0018F3AF /* iTunesArtwork@2x.png in Resources */ = {isa = PBXBuildFile; fileRef = 23476E73171F64CC0018F3AF /* iTunesArtwork@2x.png */; };
		23476E84172099850018F3AF /* QuestViewController.m in Sources */ = {isa = PBXBuildFile; fileRef = 23476E83172099850018F3AF /* QuestViewController.m */; };
		2357F541172A11C200B59ADB /* AddWaypointViewController.m in Sources */ = {isa = PBXBuildFile; fileRef = 2357F540172A11C200B59ADB /* AddWaypointViewController.m */; };
		23719F78177A47830068408F /* facebook.png in Resources */ = {isa = PBXBuildFile; fileRef = 23719F70177A47830068408F /* facebook.png */; };
		23719F79177A47830068408F /* facebook@2x.png in Resources */ = {isa = PBXBuildFile; fileRef = 23719F71177A47830068408F /* facebook@2x.png */; };
		23719F7A177A47830068408F /* location_icon.png in Resources */ = {isa = PBXBuildFile; fileRef = 23719F72177A47830068408F /* location_icon.png */; };
		23719F7B177A47830068408F /* location_icon@2x.png in Resources */ = {isa = PBXBuildFile; fileRef = 23719F73177A47830068408F /* location_icon@2x.png */; };
		23719F7C177A47830068408F /* notification.png in Resources */ = {isa = PBXBuildFile; fileRef = 23719F74177A47830068408F /* notification.png */; };
		23719F7D177A47830068408F /* notification@2x.png in Resources */ = {isa = PBXBuildFile; fileRef = 23719F75177A47830068408F /* notification@2x.png */; };
		23719F7E177A47830068408F /* qr_code.png in Resources */ = {isa = PBXBuildFile; fileRef = 23719F76177A47830068408F /* qr_code.png */; };
		23719F7F177A47830068408F /* qr_code@2x.png in Resources */ = {isa = PBXBuildFile; fileRef = 23719F77177A47830068408F /* qr_code@2x.png */; };
		23719F9C177A57110068408F /* quest_button.gif in Resources */ = {isa = PBXBuildFile; fileRef = 23719F9B177A57110068408F /* quest_button.gif */; };
		239A8589171764980091AC34 /* Waypoint.m in Sources */ = {isa = PBXBuildFile; fileRef = 239A8588171764980091AC34 /* Waypoint.m */; };
		239A858E1718A5590091AC34 /* uiss.json in Resources */ = {isa = PBXBuildFile; fileRef = 239A858D1718A5590091AC34 /* uiss.json */; };
		239A85921718B7580091AC34 /* CALIBRI.TTF in Resources */ = {isa = PBXBuildFile; fileRef = 239A85901718B7580091AC34 /* CALIBRI.TTF */; };
		239A85931718B7580091AC34 /* CALIBRIB.TTF in Resources */ = {isa = PBXBuildFile; fileRef = 239A85911718B7580091AC34 /* CALIBRIB.TTF */; };
		239A8599171C852C0091AC34 /* quest-navbar@2x.png in Resources */ = {isa = PBXBuildFile; fileRef = 239A8598171C852C0091AC34 /* quest-navbar@2x.png */; };
		239CF67E1757313100BFB1C3 /* QuestActivity.m in Sources */ = {isa = PBXBuildFile; fileRef = 239CF67D1757313100BFB1C3 /* QuestActivity.m */; };
		239CF6811757CE7900BFB1C3 /* ActiveQuestViewController.m in Sources */ = {isa = PBXBuildFile; fileRef = 239CF6801757CE7900BFB1C3 /* ActiveQuestViewController.m */; };
		239CF6841757DC1900BFB1C3 /* ActiveWaypointStyledTableViewCell.m in Sources */ = {isa = PBXBuildFile; fileRef = 239CF6831757DC1900BFB1C3 /* ActiveWaypointStyledTableViewCell.m */; };
		239CF6881757E4EE00BFB1C3 /* WaypointDetailViewController.m in Sources */ = {isa = PBXBuildFile; fileRef = 239CF6861757E4EE00BFB1C3 /* WaypointDetailViewController.m */; };
		239CF6891757E4EE00BFB1C3 /* WaypointDetailViewController.xib in Resources */ = {isa = PBXBuildFile; fileRef = 239CF6871757E4EE00BFB1C3 /* WaypointDetailViewController.xib */; };
		239CF68C1757F91B00BFB1C3 /* QuestYouTubeVideoPlayerViewController.m in Sources */ = {isa = PBXBuildFile; fileRef = 239CF68B1757F91B00BFB1C3 /* QuestYouTubeVideoPlayerViewController.m */; };
		239CF68F1757FBCF00BFB1C3 /* UINavigationController+Orientation.m in Sources */ = {isa = PBXBuildFile; fileRef = 239CF68E1757FBCF00BFB1C3 /* UINavigationController+Orientation.m */; };
		239CF692175809B000BFB1C3 /* quest-navbar-landscape.png in Resources */ = {isa = PBXBuildFile; fileRef = 239CF690175809B000BFB1C3 /* quest-navbar-landscape.png */; };
		239CF693175809B000BFB1C3 /* quest-navbar-landscape@2x.png in Resources */ = {isa = PBXBuildFile; fileRef = 239CF691175809B000BFB1C3 /* quest-navbar-landscape@2x.png */; };
		239CF69717593DE500BFB1C3 /* Settings.bundle in Resources */ = {isa = PBXBuildFile; fileRef = 239CF69617593DE400BFB1C3 /* Settings.bundle */; };
		239CF69C1759423C00BFB1C3 /* ImageUploadManager.m in Sources */ = {isa = PBXBuildFile; fileRef = 239CF6991759414300BFB1C3 /* ImageUploadManager.m */; };
		239CF69E175942A200BFB1C3 /* ImageUploadManager.m in Resources */ = {isa = PBXBuildFile; fileRef = 239CF6991759414300BFB1C3 /* ImageUploadManager.m */; };
		23A889E7170E1B850045CB71 /* UIKit.framework in Frameworks */ = {isa = PBXBuildFile; fileRef = 23A889E6170E1B850045CB71 /* UIKit.framework */; };
		23A889E9170E1B850045CB71 /* Foundation.framework in Frameworks */ = {isa = PBXBuildFile; fileRef = 23A889E8170E1B850045CB71 /* Foundation.framework */; };
		23A889EB170E1B850045CB71 /* CoreGraphics.framework in Frameworks */ = {isa = PBXBuildFile; fileRef = 23A889EA170E1B850045CB71 /* CoreGraphics.framework */; };
		23A889F1170E1B850045CB71 /* InfoPlist.strings in Resources */ = {isa = PBXBuildFile; fileRef = 23A889EF170E1B850045CB71 /* InfoPlist.strings */; };
		23A889F3170E1B850045CB71 /* main.m in Sources */ = {isa = PBXBuildFile; fileRef = 23A889F2170E1B850045CB71 /* main.m */; };
		23A889F7170E1B850045CB71 /* AppDelegate.m in Sources */ = {isa = PBXBuildFile; fileRef = 23A889F6170E1B850045CB71 /* AppDelegate.m */; };
		23A889F9170E1B850045CB71 /* Default.png in Resources */ = {isa = PBXBuildFile; fileRef = 23A889F8170E1B850045CB71 /* Default.png */; };
		23A889FB170E1B850045CB71 /* Default@2x.png in Resources */ = {isa = PBXBuildFile; fileRef = 23A889FA170E1B850045CB71 /* Default@2x.png */; };
		23A889FD170E1B850045CB71 /* Default-568h@2x.png in Resources */ = {isa = PBXBuildFile; fileRef = 23A889FC170E1B850045CB71 /* Default-568h@2x.png */; };
		23A88A03170E1B850045CB71 /* HomeViewController_iPhone.xib in Resources */ = {isa = PBXBuildFile; fileRef = 23A88A01170E1B850045CB71 /* HomeViewController_iPhone.xib */; };
		23A88A06170E1B850045CB71 /* HomeViewController_iPad.xib in Resources */ = {isa = PBXBuildFile; fileRef = 23A88A04170E1B850045CB71 /* HomeViewController_iPad.xib */; };
		23A88A0E170E1B850045CB71 /* SenTestingKit.framework in Frameworks */ = {isa = PBXBuildFile; fileRef = 23A88A0D170E1B850045CB71 /* SenTestingKit.framework */; };
		23A88A0F170E1B850045CB71 /* UIKit.framework in Frameworks */ = {isa = PBXBuildFile; fileRef = 23A889E6170E1B850045CB71 /* UIKit.framework */; };
		23A88A10170E1B850045CB71 /* Foundation.framework in Frameworks */ = {isa = PBXBuildFile; fileRef = 23A889E8170E1B850045CB71 /* Foundation.framework */; };
		23A88A18170E1B850045CB71 /* InfoPlist.strings in Resources */ = {isa = PBXBuildFile; fileRef = 23A88A16170E1B850045CB71 /* InfoPlist.strings */; };
		23A88A1B170E1B850045CB71 /* QuestTests.m in Sources */ = {isa = PBXBuildFile; fileRef = 23A88A1A170E1B850045CB71 /* QuestTests.m */; };
		23A88A27170E2F7C0045CB71 /* IntroductionPanelCreator.m in Sources */ = {isa = PBXBuildFile; fileRef = 23A88A26170E2F7C0045CB71 /* IntroductionPanelCreator.m */; };
		23A88A2B170E30030045CB71 /* Introduction.plist in Resources */ = {isa = PBXBuildFile; fileRef = 23A88A2A170E30030045CB71 /* Introduction.plist */; };
		23A88A3D170E6F4D0045CB71 /* CreateQuestViewController.xib in Resources */ = {isa = PBXBuildFile; fileRef = 23A88A39170E6F4D0045CB71 /* CreateQuestViewController.xib */; };
		23A88A40170E6F5D0045CB71 /* HomeViewController.m in Sources */ = {isa = PBXBuildFile; fileRef = 23A88A3F170E6F5D0045CB71 /* HomeViewController.m */; };
		23A88A41170E6FA40045CB71 /* CreateQuestViewController.m in Sources */ = {isa = PBXBuildFile; fileRef = 23A88A38170E6F4D0045CB71 /* CreateQuestViewController.m */; };
		23A88A49170E74710045CB71 /* checkmark_active.png in Resources */ = {isa = PBXBuildFile; fileRef = 23A88A43170E74710045CB71 /* checkmark_active.png */; };
		23A88A4A170E74710045CB71 /* checkmark_active@2x.png in Resources */ = {isa = PBXBuildFile; fileRef = 23A88A44170E74710045CB71 /* checkmark_active@2x.png */; };
		23A88A4B170E74710045CB71 /* checkmark_inactive.png in Resources */ = {isa = PBXBuildFile; fileRef = 23A88A45170E74710045CB71 /* checkmark_inactive.png */; };
		23A88A4C170E74710045CB71 /* checkmark_inactive@2x.png in Resources */ = {isa = PBXBuildFile; fileRef = 23A88A46170E74710045CB71 /* checkmark_inactive@2x.png */; };
		23A88A52170E75550045CB71 /* Quest.m in Sources */ = {isa = PBXBuildFile; fileRef = 23A88A51170E75550045CB71 /* Quest.m */; };
		23A88A56170F5FC00045CB71 /* RegisterSubclasses.m in Sources */ = {isa = PBXBuildFile; fileRef = 23A88A55170F5FC00045CB71 /* RegisterSubclasses.m */; };
		23B4929B17594AF30019268E /* NSRunLoop+TimeOutAndFlag.m in Sources */ = {isa = PBXBuildFile; fileRef = 23B4929A17594AF30019268E /* NSRunLoop+TimeOutAndFlag.m */; };
		23B4929F175D5D100019268E /* SettingsViewController.m in Sources */ = {isa = PBXBuildFile; fileRef = 23B4929D175D5D100019268E /* SettingsViewController.m */; };
		23B492A0175D5D100019268E /* SettingsViewController.xib in Resources */ = {isa = PBXBuildFile; fileRef = 23B4929E175D5D100019268E /* SettingsViewController.xib */; };
		23E2549F175554B8005EA046 /* AddWaypointViewController.xib in Resources */ = {isa = PBXBuildFile; fileRef = 23E2549E175554B8005EA046 /* AddWaypointViewController.xib */; };
		23E254A317557813005EA046 /* Invite.m in Sources */ = {isa = PBXBuildFile; fileRef = 23E254A217557813005EA046 /* Invite.m */; };
		23EBBBD1171E08A500AAEC77 /* Settings.png in Resources */ = {isa = PBXBuildFile; fileRef = 23EBBBCF171E08A500AAEC77 /* Settings.png */; };
		23EBBBD2171E08A500AAEC77 /* Settings@2x.png in Resources */ = {isa = PBXBuildFile; fileRef = 23EBBBD0171E08A500AAEC77 /* Settings@2x.png */; };
		23EBBBD6171E09A300AAEC77 /* UIBarButtonItem+ImageButton.m in Sources */ = {isa = PBXBuildFile; fileRef = 23EBBBD5171E09A300AAEC77 /* UIBarButtonItem+ImageButton.m */; };
		23EBBBD9171E0F2100AAEC77 /* Add.png in Resources */ = {isa = PBXBuildFile; fileRef = 23EBBBD7171E0F2100AAEC77 /* Add.png */; };
		23EBBBDA171E0F2100AAEC77 /* Add@2x.png in Resources */ = {isa = PBXBuildFile; fileRef = 23EBBBD8171E0F2100AAEC77 /* Add@2x.png */; };
		23EBBBE0171E29EC00AAEC77 /* QuestStyledTableViewCell.m in Sources */ = {isa = PBXBuildFile; fileRef = 23EBBBDF171E29EC00AAEC77 /* QuestStyledTableViewCell.m */; };
		23EBBBE4171E2C7000AAEC77 /* UACellBackgroundView.m in Sources */ = {isa = PBXBuildFile; fileRef = 23EBBBE2171E2C0600AAEC77 /* UACellBackgroundView.m */; };
		23EBBBE7171E322200AAEC77 /* agsquare@2x.png in Resources */ = {isa = PBXBuildFile; fileRef = 23EBBBE5171E322200AAEC77 /* agsquare@2x.png */; };
		23EBBBE8171E322200AAEC77 /* agsquare.png in Resources */ = {isa = PBXBuildFile; fileRef = 23EBBBE6171E322200AAEC77 /* agsquare.png */; };
		23EBBBEB171E3C4600AAEC77 /* navbarShadow.png in Resources */ = {isa = PBXBuildFile; fileRef = 23EBBBE9171E3C4600AAEC77 /* navbarShadow.png */; };
		23EBBBEC171E3C4600AAEC77 /* navbarShadow@2x.png in Resources */ = {isa = PBXBuildFile; fileRef = 23EBBBEA171E3C4600AAEC77 /* navbarShadow@2x.png */; };
		23EBBBEE171E3E1800AAEC77 /* quest-navbar.png in Resources */ = {isa = PBXBuildFile; fileRef = 23EBBBED171E3E1800AAEC77 /* quest-navbar.png */; };
		23EBBBF1171E3EC000AAEC77 /* pw_maze_black.png in Resources */ = {isa = PBXBuildFile; fileRef = 23EBBBEF171E3EC000AAEC77 /* pw_maze_black.png */; };
		23EBBBF2171E3EC000AAEC77 /* pw_maze_black@2x.png in Resources */ = {isa = PBXBuildFile; fileRef = 23EBBBF0171E3EC000AAEC77 /* pw_maze_black@2x.png */; };
		23F0E71D173324D9009E386F /* SampleImage1.png in Resources */ = {isa = PBXBuildFile; fileRef = 23F0E719173324D9009E386F /* SampleImage1.png */; };
		23F0E71E173324D9009E386F /* SampleImage1@2x.png in Resources */ = {isa = PBXBuildFile; fileRef = 23F0E71A173324D9009E386F /* SampleImage1@2x.png */; };
		23F0E71F173324D9009E386F /* SampleImage2.png in Resources */ = {isa = PBXBuildFile; fileRef = 23F0E71B173324D9009E386F /* SampleImage2.png */; };
		23F0E720173324D9009E386F /* SampleImage2@2x.png in Resources */ = {isa = PBXBuildFile; fileRef = 23F0E71C173324D9009E386F /* SampleImage2@2x.png */; };
		DC3E0CFEA7544E75AB385A48 /* libPods.a in Frameworks */ = {isa = PBXBuildFile; fileRef = DDF73FE1EE734EFA873EB83E /* libPods.a */; };
/* End PBXBuildFile section */

/* Begin PBXContainerItemProxy section */
		23A88A11170E1B850045CB71 /* PBXContainerItemProxy */ = {
			isa = PBXContainerItemProxy;
			containerPortal = 23A889DB170E1B850045CB71 /* Project object */;
			proxyType = 1;
			remoteGlobalIDString = 23A889E2170E1B850045CB71;
			remoteInfo = Quest;
		};
/* End PBXContainerItemProxy section */

/* Begin PBXFileReference section */
		232CDCB71725CA0100BBB880 /* Cancel.png */ = {isa = PBXFileReference; lastKnownFileType = image.png; path = Cancel.png; sourceTree = "<group>"; };
		232CDCB81725CA0100BBB880 /* Cancel@2x.png */ = {isa = PBXFileReference; lastKnownFileType = image.png; path = "Cancel@2x.png"; sourceTree = "<group>"; };
		232CDCBB1725CF1200BBB880 /* Back.png */ = {isa = PBXFileReference; lastKnownFileType = image.png; path = Back.png; sourceTree = "<group>"; };
		232CDCBC1725CF1200BBB880 /* Back@2x.png */ = {isa = PBXFileReference; lastKnownFileType = image.png; path = "Back@2x.png"; sourceTree = "<group>"; };
		232CDCBD1725CF1200BBB880 /* Forward.png */ = {isa = PBXFileReference; lastKnownFileType = image.png; path = Forward.png; sourceTree = "<group>"; };
		232CDCBE1725CF1200BBB880 /* Forward@2x.png */ = {isa = PBXFileReference; lastKnownFileType = image.png; path = "Forward@2x.png"; sourceTree = "<group>"; };
		232CDCC31725D47F00BBB880 /* WaypointStyledTableViewCell.h */ = {isa = PBXFileReference; fileEncoding = 4; lastKnownFileType = sourcecode.c.h; name = WaypointStyledTableViewCell.h; path = Subclasses/WaypointStyledTableViewCell.h; sourceTree = "<group>"; };
		232CDCC41725D47F00BBB880 /* WaypointStyledTableViewCell.m */ = {isa = PBXFileReference; fileEncoding = 4; lastKnownFileType = sourcecode.c.objc; name = WaypointStyledTableViewCell.m; path = Subclasses/WaypointStyledTableViewCell.m; sourceTree = "<group>"; };
		23476E6A171F64CC0018F3AF /* Icon-72.png */ = {isa = PBXFileReference; lastKnownFileType = image.png; path = "Icon-72.png"; sourceTree = "<group>"; };
		23476E6B171F64CC0018F3AF /* Icon-72@2x.png */ = {isa = PBXFileReference; lastKnownFileType = image.png; path = "Icon-72@2x.png"; sourceTree = "<group>"; };
		23476E6C171F64CC0018F3AF /* Icon-Small-50.png */ = {isa = PBXFileReference; lastKnownFileType = image.png; path = "Icon-Small-50.png"; sourceTree = "<group>"; };
		23476E6D171F64CC0018F3AF /* Icon-Small-50@2x.png */ = {isa = PBXFileReference; lastKnownFileType = image.png; path = "Icon-Small-50@2x.png"; sourceTree = "<group>"; };
		23476E6E171F64CC0018F3AF /* Icon-Small.png */ = {isa = PBXFileReference; lastKnownFileType = image.png; path = "Icon-Small.png"; sourceTree = "<group>"; };
		23476E6F171F64CC0018F3AF /* Icon-Small@2x.png */ = {isa = PBXFileReference; lastKnownFileType = image.png; path = "Icon-Small@2x.png"; sourceTree = "<group>"; };
		23476E70171F64CC0018F3AF /* Icon.png */ = {isa = PBXFileReference; lastKnownFileType = image.png; path = Icon.png; sourceTree = "<group>"; };
		23476E71171F64CC0018F3AF /* Icon@2x.png */ = {isa = PBXFileReference; lastKnownFileType = image.png; path = "Icon@2x.png"; sourceTree = "<group>"; };
		23476E72171F64CC0018F3AF /* iTunesArtwork.png */ = {isa = PBXFileReference; lastKnownFileType = image.png; path = iTunesArtwork.png; sourceTree = "<group>"; };
		23476E73171F64CC0018F3AF /* iTunesArtwork@2x.png */ = {isa = PBXFileReference; lastKnownFileType = image.png; path = "iTunesArtwork@2x.png"; sourceTree = "<group>"; };
		23476E82172099850018F3AF /* QuestViewController.h */ = {isa = PBXFileReference; fileEncoding = 4; lastKnownFileType = sourcecode.c.h; path = QuestViewController.h; sourceTree = "<group>"; };
		23476E83172099850018F3AF /* QuestViewController.m */ = {isa = PBXFileReference; fileEncoding = 4; lastKnownFileType = sourcecode.c.objc; path = QuestViewController.m; sourceTree = "<group>"; };
		2357F53F172A11C200B59ADB /* AddWaypointViewController.h */ = {isa = PBXFileReference; fileEncoding = 4; lastKnownFileType = sourcecode.c.h; path = AddWaypointViewController.h; sourceTree = "<group>"; };
		2357F540172A11C200B59ADB /* AddWaypointViewController.m */ = {isa = PBXFileReference; fileEncoding = 4; lastKnownFileType = sourcecode.c.objc; path = AddWaypointViewController.m; sourceTree = "<group>"; };
		23719F70177A47830068408F /* facebook.png */ = {isa = PBXFileReference; lastKnownFileType = image.png; path = facebook.png; sourceTree = "<group>"; };
		23719F71177A47830068408F /* facebook@2x.png */ = {isa = PBXFileReference; lastKnownFileType = image.png; path = "facebook@2x.png"; sourceTree = "<group>"; };
		23719F72177A47830068408F /* location_icon.png */ = {isa = PBXFileReference; lastKnownFileType = image.png; path = location_icon.png; sourceTree = "<group>"; };
		23719F73177A47830068408F /* location_icon@2x.png */ = {isa = PBXFileReference; lastKnownFileType = image.png; path = "location_icon@2x.png"; sourceTree = "<group>"; };
		23719F74177A47830068408F /* notification.png */ = {isa = PBXFileReference; lastKnownFileType = image.png; path = notification.png; sourceTree = "<group>"; };
		23719F75177A47830068408F /* notification@2x.png */ = {isa = PBXFileReference; lastKnownFileType = image.png; path = "notification@2x.png"; sourceTree = "<group>"; };
		23719F76177A47830068408F /* qr_code.png */ = {isa = PBXFileReference; lastKnownFileType = image.png; path = qr_code.png; sourceTree = "<group>"; };
		23719F77177A47830068408F /* qr_code@2x.png */ = {isa = PBXFileReference; lastKnownFileType = image.png; path = "qr_code@2x.png"; sourceTree = "<group>"; };
		23719F9B177A57110068408F /* quest_button.gif */ = {isa = PBXFileReference; lastKnownFileType = image.gif; path = quest_button.gif; sourceTree = "<group>"; };
		239A8587171764980091AC34 /* Waypoint.h */ = {isa = PBXFileReference; fileEncoding = 4; lastKnownFileType = sourcecode.c.h; name = Waypoint.h; path = Models/Waypoint.h; sourceTree = "<group>"; };
		239A8588171764980091AC34 /* Waypoint.m */ = {isa = PBXFileReference; fileEncoding = 4; lastKnownFileType = sourcecode.c.objc; name = Waypoint.m; path = Models/Waypoint.m; sourceTree = "<group>"; };
		239A858D1718A5590091AC34 /* uiss.json */ = {isa = PBXFileReference; fileEncoding = 4; lastKnownFileType = text.json; name = uiss.json; path = Resources/Stylesheets/uiss.json; sourceTree = "<group>"; };
		239A85901718B7580091AC34 /* CALIBRI.TTF */ = {isa = PBXFileReference; lastKnownFileType = file; name = CALIBRI.TTF; path = Resources/Fonts/CALIBRI.TTF; sourceTree = "<group>"; };
		239A85911718B7580091AC34 /* CALIBRIB.TTF */ = {isa = PBXFileReference; lastKnownFileType = file; name = CALIBRIB.TTF; path = Resources/Fonts/CALIBRIB.TTF; sourceTree = "<group>"; };
		239A8598171C852C0091AC34 /* quest-navbar@2x.png */ = {isa = PBXFileReference; lastKnownFileType = image.png; path = "quest-navbar@2x.png"; sourceTree = "<group>"; };
		239CF67C1757313100BFB1C3 /* QuestActivity.h */ = {isa = PBXFileReference; fileEncoding = 4; lastKnownFileType = sourcecode.c.h; name = QuestActivity.h; path = Models/QuestActivity.h; sourceTree = "<group>"; };
		239CF67D1757313100BFB1C3 /* QuestActivity.m */ = {isa = PBXFileReference; fileEncoding = 4; lastKnownFileType = sourcecode.c.objc; name = QuestActivity.m; path = Models/QuestActivity.m; sourceTree = "<group>"; };
		239CF67F1757CE7900BFB1C3 /* ActiveQuestViewController.h */ = {isa = PBXFileReference; fileEncoding = 4; lastKnownFileType = sourcecode.c.h; path = ActiveQuestViewController.h; sourceTree = "<group>"; };
		239CF6801757CE7900BFB1C3 /* ActiveQuestViewController.m */ = {isa = PBXFileReference; fileEncoding = 4; lastKnownFileType = sourcecode.c.objc; path = ActiveQuestViewController.m; sourceTree = "<group>"; };
		239CF6821757DC1900BFB1C3 /* ActiveWaypointStyledTableViewCell.h */ = {isa = PBXFileReference; fileEncoding = 4; lastKnownFileType = sourcecode.c.h; name = ActiveWaypointStyledTableViewCell.h; path = Subclasses/ActiveWaypointStyledTableViewCell.h; sourceTree = "<group>"; };
		239CF6831757DC1900BFB1C3 /* ActiveWaypointStyledTableViewCell.m */ = {isa = PBXFileReference; fileEncoding = 4; lastKnownFileType = sourcecode.c.objc; name = ActiveWaypointStyledTableViewCell.m; path = Subclasses/ActiveWaypointStyledTableViewCell.m; sourceTree = "<group>"; };
		239CF6851757E4EE00BFB1C3 /* WaypointDetailViewController.h */ = {isa = PBXFileReference; fileEncoding = 4; lastKnownFileType = sourcecode.c.h; path = WaypointDetailViewController.h; sourceTree = "<group>"; };
		239CF6861757E4EE00BFB1C3 /* WaypointDetailViewController.m */ = {isa = PBXFileReference; fileEncoding = 4; lastKnownFileType = sourcecode.c.objc; path = WaypointDetailViewController.m; sourceTree = "<group>"; };
		239CF6871757E4EE00BFB1C3 /* WaypointDetailViewController.xib */ = {isa = PBXFileReference; fileEncoding = 4; lastKnownFileType = file.xib; path = WaypointDetailViewController.xib; sourceTree = "<group>"; };
		239CF68A1757F91B00BFB1C3 /* QuestYouTubeVideoPlayerViewController.h */ = {isa = PBXFileReference; fileEncoding = 4; lastKnownFileType = sourcecode.c.h; name = QuestYouTubeVideoPlayerViewController.h; path = Subclasses/QuestYouTubeVideoPlayerViewController.h; sourceTree = "<group>"; };
		239CF68B1757F91B00BFB1C3 /* QuestYouTubeVideoPlayerViewController.m */ = {isa = PBXFileReference; fileEncoding = 4; lastKnownFileType = sourcecode.c.objc; name = QuestYouTubeVideoPlayerViewController.m; path = Subclasses/QuestYouTubeVideoPlayerViewController.m; sourceTree = "<group>"; };
		239CF68D1757FBCF00BFB1C3 /* UINavigationController+Orientation.h */ = {isa = PBXFileReference; fileEncoding = 4; lastKnownFileType = sourcecode.c.h; path = "UINavigationController+Orientation.h"; sourceTree = "<group>"; };
		239CF68E1757FBCF00BFB1C3 /* UINavigationController+Orientation.m */ = {isa = PBXFileReference; fileEncoding = 4; lastKnownFileType = sourcecode.c.objc; path = "UINavigationController+Orientation.m"; sourceTree = "<group>"; };
		239CF690175809B000BFB1C3 /* quest-navbar-landscape.png */ = {isa = PBXFileReference; lastKnownFileType = image.png; path = "quest-navbar-landscape.png"; sourceTree = "<group>"; };
		239CF691175809B000BFB1C3 /* quest-navbar-landscape@2x.png */ = {isa = PBXFileReference; lastKnownFileType = image.png; path = "quest-navbar-landscape@2x.png"; sourceTree = "<group>"; };
		239CF69617593DE400BFB1C3 /* Settings.bundle */ = {isa = PBXFileReference; lastKnownFileType = "wrapper.plug-in"; name = Settings.bundle; path = Quest/Resources/Settings/Settings.bundle; sourceTree = SOURCE_ROOT; };
		239CF6981759414300BFB1C3 /* ImageUploadManager.h */ = {isa = PBXFileReference; lastKnownFileType = sourcecode.c.h; name = ImageUploadManager.h; path = Utilities/ImageUploadManager.h; sourceTree = "<group>"; };
		239CF6991759414300BFB1C3 /* ImageUploadManager.m */ = {isa = PBXFileReference; lastKnownFileType = sourcecode.c.objc; name = ImageUploadManager.m; path = Utilities/ImageUploadManager.m; sourceTree = "<group>"; };
		23A889E3170E1B850045CB71 /* Quest.app */ = {isa = PBXFileReference; explicitFileType = wrapper.application; includeInIndex = 0; path = Quest.app; sourceTree = BUILT_PRODUCTS_DIR; };
		23A889E6170E1B850045CB71 /* UIKit.framework */ = {isa = PBXFileReference; lastKnownFileType = wrapper.framework; name = UIKit.framework; path = System/Library/Frameworks/UIKit.framework; sourceTree = SDKROOT; };
		23A889E8170E1B850045CB71 /* Foundation.framework */ = {isa = PBXFileReference; lastKnownFileType = wrapper.framework; name = Foundation.framework; path = System/Library/Frameworks/Foundation.framework; sourceTree = SDKROOT; };
		23A889EA170E1B850045CB71 /* CoreGraphics.framework */ = {isa = PBXFileReference; lastKnownFileType = wrapper.framework; name = CoreGraphics.framework; path = System/Library/Frameworks/CoreGraphics.framework; sourceTree = SDKROOT; };
		23A889EE170E1B850045CB71 /* Quest-Info.plist */ = {isa = PBXFileReference; lastKnownFileType = text.plist.xml; path = "Quest-Info.plist"; sourceTree = "<group>"; };
		23A889F0170E1B850045CB71 /* en */ = {isa = PBXFileReference; lastKnownFileType = text.plist.strings; name = en; path = en.lproj/InfoPlist.strings; sourceTree = "<group>"; };
		23A889F2170E1B850045CB71 /* main.m */ = {isa = PBXFileReference; lastKnownFileType = sourcecode.c.objc; path = main.m; sourceTree = "<group>"; };
		23A889F4170E1B850045CB71 /* Quest-Prefix.pch */ = {isa = PBXFileReference; lastKnownFileType = sourcecode.c.h; path = "Quest-Prefix.pch"; sourceTree = "<group>"; };
		23A889F5170E1B850045CB71 /* AppDelegate.h */ = {isa = PBXFileReference; lastKnownFileType = sourcecode.c.h; path = AppDelegate.h; sourceTree = "<group>"; };
		23A889F6170E1B850045CB71 /* AppDelegate.m */ = {isa = PBXFileReference; lastKnownFileType = sourcecode.c.objc; path = AppDelegate.m; sourceTree = "<group>"; };
		23A889F8170E1B850045CB71 /* Default.png */ = {isa = PBXFileReference; lastKnownFileType = image.png; path = Default.png; sourceTree = "<group>"; };
		23A889FA170E1B850045CB71 /* Default@2x.png */ = {isa = PBXFileReference; lastKnownFileType = image.png; path = "Default@2x.png"; sourceTree = "<group>"; };
		23A889FC170E1B850045CB71 /* Default-568h@2x.png */ = {isa = PBXFileReference; lastKnownFileType = image.png; path = "Default-568h@2x.png"; sourceTree = "<group>"; };
		23A88A02170E1B850045CB71 /* en */ = {isa = PBXFileReference; lastKnownFileType = file.xib; name = en; path = en.lproj/HomeViewController_iPhone.xib; sourceTree = "<group>"; };
		23A88A05170E1B850045CB71 /* en */ = {isa = PBXFileReference; lastKnownFileType = file.xib; name = en; path = en.lproj/HomeViewController_iPad.xib; sourceTree = "<group>"; };
		23A88A0C170E1B850045CB71 /* QuestTests.octest */ = {isa = PBXFileReference; explicitFileType = wrapper.cfbundle; includeInIndex = 0; path = QuestTests.octest; sourceTree = BUILT_PRODUCTS_DIR; };
		23A88A0D170E1B850045CB71 /* SenTestingKit.framework */ = {isa = PBXFileReference; lastKnownFileType = wrapper.framework; name = SenTestingKit.framework; path = Library/Frameworks/SenTestingKit.framework; sourceTree = DEVELOPER_DIR; };
		23A88A15170E1B850045CB71 /* QuestTests-Info.plist */ = {isa = PBXFileReference; lastKnownFileType = text.plist.xml; path = "QuestTests-Info.plist"; sourceTree = "<group>"; };
		23A88A17170E1B850045CB71 /* en */ = {isa = PBXFileReference; lastKnownFileType = text.plist.strings; name = en; path = en.lproj/InfoPlist.strings; sourceTree = "<group>"; };
		23A88A19170E1B850045CB71 /* QuestTests.h */ = {isa = PBXFileReference; lastKnownFileType = sourcecode.c.h; path = QuestTests.h; sourceTree = "<group>"; };
		23A88A1A170E1B850045CB71 /* QuestTests.m */ = {isa = PBXFileReference; lastKnownFileType = sourcecode.c.objc; path = QuestTests.m; sourceTree = "<group>"; };
		23A88A25170E2F7C0045CB71 /* IntroductionPanelCreator.h */ = {isa = PBXFileReference; fileEncoding = 4; lastKnownFileType = sourcecode.c.h; name = IntroductionPanelCreator.h; path = "View Utilities/IntroductionPanelCreator.h"; sourceTree = "<group>"; };
		23A88A26170E2F7C0045CB71 /* IntroductionPanelCreator.m */ = {isa = PBXFileReference; fileEncoding = 4; lastKnownFileType = sourcecode.c.objc; name = IntroductionPanelCreator.m; path = "View Utilities/IntroductionPanelCreator.m"; sourceTree = "<group>"; };
		23A88A2A170E30030045CB71 /* Introduction.plist */ = {isa = PBXFileReference; fileEncoding = 4; lastKnownFileType = text.plist.xml; name = Introduction.plist; path = Resources/plists/Introduction.plist; sourceTree = "<group>"; };
		23A88A37170E6F4D0045CB71 /* CreateQuestViewController.h */ = {isa = PBXFileReference; fileEncoding = 4; lastKnownFileType = sourcecode.c.h; path = CreateQuestViewController.h; sourceTree = "<group>"; };
		23A88A38170E6F4D0045CB71 /* CreateQuestViewController.m */ = {isa = PBXFileReference; fileEncoding = 4; lastKnownFileType = sourcecode.c.objc; path = CreateQuestViewController.m; sourceTree = "<group>"; };
		23A88A39170E6F4D0045CB71 /* CreateQuestViewController.xib */ = {isa = PBXFileReference; fileEncoding = 4; lastKnownFileType = file.xib; path = CreateQuestViewController.xib; sourceTree = "<group>"; };
		23A88A3E170E6F5D0045CB71 /* HomeViewController.h */ = {isa = PBXFileReference; fileEncoding = 4; lastKnownFileType = sourcecode.c.h; path = HomeViewController.h; sourceTree = "<group>"; };
		23A88A3F170E6F5D0045CB71 /* HomeViewController.m */ = {isa = PBXFileReference; fileEncoding = 4; lastKnownFileType = sourcecode.c.objc; path = HomeViewController.m; sourceTree = "<group>"; };
		23A88A43170E74710045CB71 /* checkmark_active.png */ = {isa = PBXFileReference; lastKnownFileType = image.png; path = checkmark_active.png; sourceTree = "<group>"; };
		23A88A44170E74710045CB71 /* checkmark_active@2x.png */ = {isa = PBXFileReference; lastKnownFileType = image.png; path = "checkmark_active@2x.png"; sourceTree = "<group>"; };
		23A88A45170E74710045CB71 /* checkmark_inactive.png */ = {isa = PBXFileReference; lastKnownFileType = image.png; path = checkmark_inactive.png; sourceTree = "<group>"; };
		23A88A46170E74710045CB71 /* checkmark_inactive@2x.png */ = {isa = PBXFileReference; lastKnownFileType = image.png; path = "checkmark_inactive@2x.png"; sourceTree = "<group>"; };
		23A88A50170E75550045CB71 /* Quest.h */ = {isa = PBXFileReference; fileEncoding = 4; lastKnownFileType = sourcecode.c.h; name = Quest.h; path = Models/Quest.h; sourceTree = "<group>"; };
		23A88A51170E75550045CB71 /* Quest.m */ = {isa = PBXFileReference; fileEncoding = 4; lastKnownFileType = sourcecode.c.objc; name = Quest.m; path = Models/Quest.m; sourceTree = "<group>"; };
		23A88A54170F5FC00045CB71 /* RegisterSubclasses.h */ = {isa = PBXFileReference; fileEncoding = 4; lastKnownFileType = sourcecode.c.h; name = RegisterSubclasses.h; path = Utilities/RegisterSubclasses.h; sourceTree = "<group>"; };
		23A88A55170F5FC00045CB71 /* RegisterSubclasses.m */ = {isa = PBXFileReference; fileEncoding = 4; lastKnownFileType = sourcecode.c.objc; name = RegisterSubclasses.m; path = Utilities/RegisterSubclasses.m; sourceTree = "<group>"; };
		23B4929917594AF30019268E /* NSRunLoop+TimeOutAndFlag.h */ = {isa = PBXFileReference; fileEncoding = 4; lastKnownFileType = sourcecode.c.h; path = "NSRunLoop+TimeOutAndFlag.h"; sourceTree = "<group>"; };
		23B4929A17594AF30019268E /* NSRunLoop+TimeOutAndFlag.m */ = {isa = PBXFileReference; fileEncoding = 4; lastKnownFileType = sourcecode.c.objc; path = "NSRunLoop+TimeOutAndFlag.m"; sourceTree = "<group>"; };
		23B4929C175D5D100019268E /* SettingsViewController.h */ = {isa = PBXFileReference; fileEncoding = 4; lastKnownFileType = sourcecode.c.h; path = SettingsViewController.h; sourceTree = "<group>"; };
		23B4929D175D5D100019268E /* SettingsViewController.m */ = {isa = PBXFileReference; fileEncoding = 4; lastKnownFileType = sourcecode.c.objc; path = SettingsViewController.m; sourceTree = "<group>"; };
		23B4929E175D5D100019268E /* SettingsViewController.xib */ = {isa = PBXFileReference; fileEncoding = 4; lastKnownFileType = file.xib; path = SettingsViewController.xib; sourceTree = "<group>"; };
		23B492A1175E53DC0019268E /* Quest.entitlements */ = {isa = PBXFileReference; lastKnownFileType = text.xml; path = Quest.entitlements; sourceTree = "<group>"; };
		23E2549E175554B8005EA046 /* AddWaypointViewController.xib */ = {isa = PBXFileReference; fileEncoding = 4; lastKnownFileType = file.xib; path = AddWaypointViewController.xib; sourceTree = "<group>"; };
		23E254A117557813005EA046 /* Invite.h */ = {isa = PBXFileReference; fileEncoding = 4; lastKnownFileType = sourcecode.c.h; name = Invite.h; path = Models/Invite.h; sourceTree = "<group>"; };
		23E254A217557813005EA046 /* Invite.m */ = {isa = PBXFileReference; fileEncoding = 4; lastKnownFileType = sourcecode.c.objc; name = Invite.m; path = Models/Invite.m; sourceTree = "<group>"; };
		23EBBBCF171E08A500AAEC77 /* Settings.png */ = {isa = PBXFileReference; lastKnownFileType = image.png; path = Settings.png; sourceTree = "<group>"; };
		23EBBBD0171E08A500AAEC77 /* Settings@2x.png */ = {isa = PBXFileReference; lastKnownFileType = image.png; path = "Settings@2x.png"; sourceTree = "<group>"; };
		23EBBBD4171E09A300AAEC77 /* UIBarButtonItem+ImageButton.h */ = {isa = PBXFileReference; fileEncoding = 4; lastKnownFileType = sourcecode.c.h; path = "UIBarButtonItem+ImageButton.h"; sourceTree = "<group>"; };
		23EBBBD5171E09A300AAEC77 /* UIBarButtonItem+ImageButton.m */ = {isa = PBXFileReference; fileEncoding = 4; lastKnownFileType = sourcecode.c.objc; path = "UIBarButtonItem+ImageButton.m"; sourceTree = "<group>"; };
		23EBBBD7171E0F2100AAEC77 /* Add.png */ = {isa = PBXFileReference; lastKnownFileType = image.png; path = Add.png; sourceTree = "<group>"; };
		23EBBBD8171E0F2100AAEC77 /* Add@2x.png */ = {isa = PBXFileReference; lastKnownFileType = image.png; path = "Add@2x.png"; sourceTree = "<group>"; };
		23EBBBDE171E29EC00AAEC77 /* QuestStyledTableViewCell.h */ = {isa = PBXFileReference; fileEncoding = 4; lastKnownFileType = sourcecode.c.h; name = QuestStyledTableViewCell.h; path = Subclasses/QuestStyledTableViewCell.h; sourceTree = "<group>"; };
		23EBBBDF171E29EC00AAEC77 /* QuestStyledTableViewCell.m */ = {isa = PBXFileReference; fileEncoding = 4; lastKnownFileType = sourcecode.c.objc; name = QuestStyledTableViewCell.m; path = Subclasses/QuestStyledTableViewCell.m; sourceTree = "<group>"; };
		23EBBBE1171E2C0600AAEC77 /* UACellBackgroundView.h */ = {isa = PBXFileReference; fileEncoding = 4; lastKnownFileType = sourcecode.c.h; name = UACellBackgroundView.h; path = Subclasses/UACellBackgroundView.h; sourceTree = "<group>"; };
		23EBBBE2171E2C0600AAEC77 /* UACellBackgroundView.m */ = {isa = PBXFileReference; fileEncoding = 4; lastKnownFileType = sourcecode.c.objc; name = UACellBackgroundView.m; path = Subclasses/UACellBackgroundView.m; sourceTree = "<group>"; };
		23EBBBE5171E322200AAEC77 /* agsquare@2x.png */ = {isa = PBXFileReference; lastKnownFileType = image.png; path = "agsquare@2x.png"; sourceTree = "<group>"; };
		23EBBBE6171E322200AAEC77 /* agsquare.png */ = {isa = PBXFileReference; lastKnownFileType = image.png; path = agsquare.png; sourceTree = "<group>"; };
		23EBBBE9171E3C4600AAEC77 /* navbarShadow.png */ = {isa = PBXFileReference; lastKnownFileType = image.png; path = navbarShadow.png; sourceTree = "<group>"; };
		23EBBBEA171E3C4600AAEC77 /* navbarShadow@2x.png */ = {isa = PBXFileReference; lastKnownFileType = image.png; path = "navbarShadow@2x.png"; sourceTree = "<group>"; };
		23EBBBED171E3E1800AAEC77 /* quest-navbar.png */ = {isa = PBXFileReference; lastKnownFileType = image.png; path = "quest-navbar.png"; sourceTree = "<group>"; };
		23EBBBEF171E3EC000AAEC77 /* pw_maze_black.png */ = {isa = PBXFileReference; lastKnownFileType = image.png; path = pw_maze_black.png; sourceTree = "<group>"; };
		23EBBBF0171E3EC000AAEC77 /* pw_maze_black@2x.png */ = {isa = PBXFileReference; lastKnownFileType = image.png; path = "pw_maze_black@2x.png"; sourceTree = "<group>"; };
		23F0E719173324D9009E386F /* SampleImage1.png */ = {isa = PBXFileReference; lastKnownFileType = image.png; path = SampleImage1.png; sourceTree = "<group>"; };
		23F0E71A173324D9009E386F /* SampleImage1@2x.png */ = {isa = PBXFileReference; lastKnownFileType = image.png; path = "SampleImage1@2x.png"; sourceTree = "<group>"; };
		23F0E71B173324D9009E386F /* SampleImage2.png */ = {isa = PBXFileReference; lastKnownFileType = image.png; path = SampleImage2.png; sourceTree = "<group>"; };
		23F0E71C173324D9009E386F /* SampleImage2@2x.png */ = {isa = PBXFileReference; lastKnownFileType = image.png; path = "SampleImage2@2x.png"; sourceTree = "<group>"; };
		387F01572FBB4BE5A3CA1214 /* Pods.xcconfig */ = {isa = PBXFileReference; includeInIndex = 1; lastKnownFileType = text.xcconfig; name = Pods.xcconfig; path = Pods/Pods.xcconfig; sourceTree = SOURCE_ROOT; };
		DDF73FE1EE734EFA873EB83E /* libPods.a */ = {isa = PBXFileReference; explicitFileType = archive.ar; includeInIndex = 0; path = libPods.a; sourceTree = BUILT_PRODUCTS_DIR; };
/* End PBXFileReference section */

/* Begin PBXFrameworksBuildPhase section */
		23A889E0170E1B850045CB71 /* Frameworks */ = {
			isa = PBXFrameworksBuildPhase;
			buildActionMask = 2147483647;
			files = (
				23A889E7170E1B850045CB71 /* UIKit.framework in Frameworks */,
				23A889E9170E1B850045CB71 /* Foundation.framework in Frameworks */,
				23A889EB170E1B850045CB71 /* CoreGraphics.framework in Frameworks */,
				DC3E0CFEA7544E75AB385A48 /* libPods.a in Frameworks */,
			);
			runOnlyForDeploymentPostprocessing = 0;
		};
		23A88A08170E1B850045CB71 /* Frameworks */ = {
			isa = PBXFrameworksBuildPhase;
			buildActionMask = 2147483647;
			files = (
				23A88A0E170E1B850045CB71 /* SenTestingKit.framework in Frameworks */,
				23A88A0F170E1B850045CB71 /* UIKit.framework in Frameworks */,
				23A88A10170E1B850045CB71 /* Foundation.framework in Frameworks */,
			);
			runOnlyForDeploymentPostprocessing = 0;
		};
/* End PBXFrameworksBuildPhase section */

/* Begin PBXGroup section */
		23476E69171F64CC0018F3AF /* App Icon [Squared] */ = {
			isa = PBXGroup;
			children = (
				23476E6A171F64CC0018F3AF /* Icon-72.png */,
				23476E6B171F64CC0018F3AF /* Icon-72@2x.png */,
				23476E6C171F64CC0018F3AF /* Icon-Small-50.png */,
				23476E6D171F64CC0018F3AF /* Icon-Small-50@2x.png */,
				23476E6E171F64CC0018F3AF /* Icon-Small.png */,
				23476E6F171F64CC0018F3AF /* Icon-Small@2x.png */,
				23476E70171F64CC0018F3AF /* Icon.png */,
				23476E71171F64CC0018F3AF /* Icon@2x.png */,
				23476E72171F64CC0018F3AF /* iTunesArtwork.png */,
				23476E73171F64CC0018F3AF /* iTunesArtwork@2x.png */,
			);
			path = "App Icon [Squared]";
			sourceTree = "<group>";
		};
		239A858C1718A5440091AC34 /* Stylesheets */ = {
			isa = PBXGroup;
			children = (
				239A858D1718A5590091AC34 /* uiss.json */,
			);
			name = Stylesheets;
			sourceTree = "<group>";
		};
		239A858F1718B7370091AC34 /* Fonts */ = {
			isa = PBXGroup;
			children = (
				239A85901718B7580091AC34 /* CALIBRI.TTF */,
				239A85911718B7580091AC34 /* CALIBRIB.TTF */,
			);
			name = Fonts;
			sourceTree = "<group>";
		};
		239A85941718C2FE0091AC34 /* Subclasses */ = {
			isa = PBXGroup;
			children = (
				239CF6821757DC1900BFB1C3 /* ActiveWaypointStyledTableViewCell.h */,
				239CF6831757DC1900BFB1C3 /* ActiveWaypointStyledTableViewCell.m */,
				23EBBBE1171E2C0600AAEC77 /* UACellBackgroundView.h */,
				23EBBBE2171E2C0600AAEC77 /* UACellBackgroundView.m */,
				23EBBBDE171E29EC00AAEC77 /* QuestStyledTableViewCell.h */,
				23EBBBDF171E29EC00AAEC77 /* QuestStyledTableViewCell.m */,
				232CDCC31725D47F00BBB880 /* WaypointStyledTableViewCell.h */,
				232CDCC41725D47F00BBB880 /* WaypointStyledTableViewCell.m */,
				239CF68A1757F91B00BFB1C3 /* QuestYouTubeVideoPlayerViewController.h */,
				239CF68B1757F91B00BFB1C3 /* QuestYouTubeVideoPlayerViewController.m */,
			);
			name = Subclasses;
			sourceTree = "<group>";
		};
		23A889DA170E1B850045CB71 = {
			isa = PBXGroup;
			children = (
				23A889EC170E1B850045CB71 /* Quest */,
				23A88A13170E1B850045CB71 /* QuestTests */,
				23A889E5170E1B850045CB71 /* Frameworks */,
				23A889E4170E1B850045CB71 /* Products */,
				387F01572FBB4BE5A3CA1214 /* Pods.xcconfig */,
			);
			sourceTree = "<group>";
		};
		23A889E4170E1B850045CB71 /* Products */ = {
			isa = PBXGroup;
			children = (
				23A889E3170E1B850045CB71 /* Quest.app */,
				23A88A0C170E1B850045CB71 /* QuestTests.octest */,
			);
			name = Products;
			sourceTree = "<group>";
		};
		23A889E5170E1B850045CB71 /* Frameworks */ = {
			isa = PBXGroup;
			children = (
				23A889E6170E1B850045CB71 /* UIKit.framework */,
				23A889E8170E1B850045CB71 /* Foundation.framework */,
				23A889EA170E1B850045CB71 /* CoreGraphics.framework */,
				23A88A0D170E1B850045CB71 /* SenTestingKit.framework */,
				DDF73FE1EE734EFA873EB83E /* libPods.a */,
			);
			name = Frameworks;
			sourceTree = "<group>";
		};
		23A889EC170E1B850045CB71 /* Quest */ = {
			isa = PBXGroup;
			children = (
				23B492A1175E53DC0019268E /* Quest.entitlements */,
				23EBBBD3171E096D00AAEC77 /* Categories */,
				239A85941718C2FE0091AC34 /* Subclasses */,
				23A88A53170F5FA60045CB71 /* Utilities */,
				23A88A4F170E753C0045CB71 /* Models */,
				23A88A34170E6F4D0045CB71 /* ViewControllers */,
				23A88A2C170E544E0045CB71 /* Views */,
				23A88A28170E2FE10045CB71 /* Resources */,
				23A88A24170E2F510045CB71 /* View Utilities */,
				23A889F5170E1B850045CB71 /* AppDelegate.h */,
				23A889F6170E1B850045CB71 /* AppDelegate.m */,
				23A88A01170E1B850045CB71 /* HomeViewController_iPhone.xib */,
				23A88A04170E1B850045CB71 /* HomeViewController_iPad.xib */,
				23A889ED170E1B850045CB71 /* Supporting Files */,
			);
			path = Quest;
			sourceTree = "<group>";
		};
		23A889ED170E1B850045CB71 /* Supporting Files */ = {
			isa = PBXGroup;
			children = (
				23A889EE170E1B850045CB71 /* Quest-Info.plist */,
				23A889EF170E1B850045CB71 /* InfoPlist.strings */,
				23A889F2170E1B850045CB71 /* main.m */,
				23A889F4170E1B850045CB71 /* Quest-Prefix.pch */,
				23A889F8170E1B850045CB71 /* Default.png */,
				23A889FA170E1B850045CB71 /* Default@2x.png */,
				23A889FC170E1B850045CB71 /* Default-568h@2x.png */,
			);
			name = "Supporting Files";
			sourceTree = "<group>";
		};
		23A88A13170E1B850045CB71 /* QuestTests */ = {
			isa = PBXGroup;
			children = (
				23A88A19170E1B850045CB71 /* QuestTests.h */,
				23A88A1A170E1B850045CB71 /* QuestTests.m */,
				23A88A14170E1B850045CB71 /* Supporting Files */,
			);
			path = QuestTests;
			sourceTree = "<group>";
		};
		23A88A14170E1B850045CB71 /* Supporting Files */ = {
			isa = PBXGroup;
			children = (
				23A88A15170E1B850045CB71 /* QuestTests-Info.plist */,
				23A88A16170E1B850045CB71 /* InfoPlist.strings */,
			);
			name = "Supporting Files";
			sourceTree = "<group>";
		};
		23A88A24170E2F510045CB71 /* View Utilities */ = {
			isa = PBXGroup;
			children = (
				23A88A25170E2F7C0045CB71 /* IntroductionPanelCreator.h */,
				23A88A26170E2F7C0045CB71 /* IntroductionPanelCreator.m */,
			);
			name = "View Utilities";
			sourceTree = "<group>";
		};
		23A88A28170E2FE10045CB71 /* Resources */ = {
			isa = PBXGroup;
			children = (
				239CF69617593DE400BFB1C3 /* Settings.bundle */,
				239A858F1718B7370091AC34 /* Fonts */,
				239A858C1718A5440091AC34 /* Stylesheets */,
				23A88A42170E74710045CB71 /* Images */,
				23A88A29170E2FE70045CB71 /* plists */,
			);
			name = Resources;
			sourceTree = "<group>";
		};
		23A88A29170E2FE70045CB71 /* plists */ = {
			isa = PBXGroup;
			children = (
				23A88A2A170E30030045CB71 /* Introduction.plist */,
			);
			name = plists;
			sourceTree = "<group>";
		};
		23A88A2C170E544E0045CB71 /* Views */ = {
			isa = PBXGroup;
			children = (
			);
			name = Views;
			sourceTree = "<group>";
		};
		23A88A34170E6F4D0045CB71 /* ViewControllers */ = {
			isa = PBXGroup;
			children = (
				23B4929C175D5D100019268E /* SettingsViewController.h */,
				23B4929D175D5D100019268E /* SettingsViewController.m */,
				23B4929E175D5D100019268E /* SettingsViewController.xib */,
				239CF6851757E4EE00BFB1C3 /* WaypointDetailViewController.h */,
				239CF6861757E4EE00BFB1C3 /* WaypointDetailViewController.m */,
				239CF6871757E4EE00BFB1C3 /* WaypointDetailViewController.xib */,
				239CF67F1757CE7900BFB1C3 /* ActiveQuestViewController.h */,
				239CF6801757CE7900BFB1C3 /* ActiveQuestViewController.m */,
				23A88A3E170E6F5D0045CB71 /* HomeViewController.h */,
				23A88A3F170E6F5D0045CB71 /* HomeViewController.m */,
				23A88A37170E6F4D0045CB71 /* CreateQuestViewController.h */,
				23A88A38170E6F4D0045CB71 /* CreateQuestViewController.m */,
				23A88A39170E6F4D0045CB71 /* CreateQuestViewController.xib */,
				23476E82172099850018F3AF /* QuestViewController.h */,
				23476E83172099850018F3AF /* QuestViewController.m */,
				2357F53F172A11C200B59ADB /* AddWaypointViewController.h */,
				2357F540172A11C200B59ADB /* AddWaypointViewController.m */,
				23E2549E175554B8005EA046 /* AddWaypointViewController.xib */,
			);
			path = ViewControllers;
			sourceTree = "<group>";
		};
		23A88A42170E74710045CB71 /* Images */ = {
			isa = PBXGroup;
			children = (
				23719F9B177A57110068408F /* quest_button.gif */,
				23719F70177A47830068408F /* facebook.png */,
				23719F71177A47830068408F /* facebook@2x.png */,
				23719F72177A47830068408F /* location_icon.png */,
				23719F73177A47830068408F /* location_icon@2x.png */,
				23719F74177A47830068408F /* notification.png */,
				23719F75177A47830068408F /* notification@2x.png */,
				23719F76177A47830068408F /* qr_code.png */,
				23719F77177A47830068408F /* qr_code@2x.png */,
				23476E69171F64CC0018F3AF /* App Icon [Squared] */,
				23EBBBEF171E3EC000AAEC77 /* pw_maze_black.png */,
				23EBBBF0171E3EC000AAEC77 /* pw_maze_black@2x.png */,
				239CF690175809B000BFB1C3 /* quest-navbar-landscape.png */,
				239CF691175809B000BFB1C3 /* quest-navbar-landscape@2x.png */,
				232CDCB71725CA0100BBB880 /* Cancel.png */,
				232CDCB81725CA0100BBB880 /* Cancel@2x.png */,
				23EBBBE9171E3C4600AAEC77 /* navbarShadow.png */,
				23EBBBEA171E3C4600AAEC77 /* navbarShadow@2x.png */,
				23EBBBE5171E322200AAEC77 /* agsquare@2x.png */,
				23EBBBE6171E322200AAEC77 /* agsquare.png */,
				23EBBBD7171E0F2100AAEC77 /* Add.png */,
				23EBBBD8171E0F2100AAEC77 /* Add@2x.png */,
				23EBBBCF171E08A500AAEC77 /* Settings.png */,
				23EBBBD0171E08A500AAEC77 /* Settings@2x.png */,
				232CDCBB1725CF1200BBB880 /* Back.png */,
				232CDCBC1725CF1200BBB880 /* Back@2x.png */,
				232CDCBD1725CF1200BBB880 /* Forward.png */,
				232CDCBE1725CF1200BBB880 /* Forward@2x.png */,
				23EBBBED171E3E1800AAEC77 /* quest-navbar.png */,
				239A8598171C852C0091AC34 /* quest-navbar@2x.png */,
				23A88A43170E74710045CB71 /* checkmark_active.png */,
				23A88A44170E74710045CB71 /* checkmark_active@2x.png */,
				23A88A45170E74710045CB71 /* checkmark_inactive.png */,
				23A88A46170E74710045CB71 /* checkmark_inactive@2x.png */,
				23F0E719173324D9009E386F /* SampleImage1.png */,
				23F0E71A173324D9009E386F /* SampleImage1@2x.png */,
				23F0E71B173324D9009E386F /* SampleImage2.png */,
				23F0E71C173324D9009E386F /* SampleImage2@2x.png */,
			);
			name = Images;
			path = Resources/Images;
			sourceTree = "<group>";
		};
		23A88A4F170E753C0045CB71 /* Models */ = {
			isa = PBXGroup;
			children = (
				239CF67C1757313100BFB1C3 /* QuestActivity.h */,
				239CF67D1757313100BFB1C3 /* QuestActivity.m */,
				23E254A117557813005EA046 /* Invite.h */,
				23E254A217557813005EA046 /* Invite.m */,
				23A88A50170E75550045CB71 /* Quest.h */,
				23A88A51170E75550045CB71 /* Quest.m */,
				239A8587171764980091AC34 /* Waypoint.h */,
				239A8588171764980091AC34 /* Waypoint.m */,
			);
			name = Models;
			sourceTree = "<group>";
		};
		23A88A53170F5FA60045CB71 /* Utilities */ = {
			isa = PBXGroup;
			children = (
				239CF6981759414300BFB1C3 /* ImageUploadManager.h */,
				239CF6991759414300BFB1C3 /* ImageUploadManager.m */,
				23A88A54170F5FC00045CB71 /* RegisterSubclasses.h */,
				23A88A55170F5FC00045CB71 /* RegisterSubclasses.m */,
			);
			name = Utilities;
			sourceTree = "<group>";
		};
		23EBBBD3171E096D00AAEC77 /* Categories */ = {
			isa = PBXGroup;
			children = (
				23B4929917594AF30019268E /* NSRunLoop+TimeOutAndFlag.h */,
				23B4929A17594AF30019268E /* NSRunLoop+TimeOutAndFlag.m */,
				23EBBBD4171E09A300AAEC77 /* UIBarButtonItem+ImageButton.h */,
				23EBBBD5171E09A300AAEC77 /* UIBarButtonItem+ImageButton.m */,
				239CF68D1757FBCF00BFB1C3 /* UINavigationController+Orientation.h */,
				239CF68E1757FBCF00BFB1C3 /* UINavigationController+Orientation.m */,
			);
			path = Categories;
			sourceTree = "<group>";
		};
/* End PBXGroup section */

/* Begin PBXNativeTarget section */
		23A889E2170E1B850045CB71 /* Quest */ = {
			isa = PBXNativeTarget;
			buildConfigurationList = 23A88A1E170E1B850045CB71 /* Build configuration list for PBXNativeTarget "Quest" */;
			buildPhases = (
				23A889DF170E1B850045CB71 /* Sources */,
				23A889E0170E1B850045CB71 /* Frameworks */,
				23A889E1170E1B850045CB71 /* Resources */,
				23E254A017556FE3005EA046 /* ShellScript */,
			);
			buildRules = (
			);
			dependencies = (
			);
			name = Quest;
			productName = Quest;
			productReference = 23A889E3170E1B850045CB71 /* Quest.app */;
			productType = "com.apple.product-type.application";
		};
		23A88A0B170E1B850045CB71 /* QuestTests */ = {
			isa = PBXNativeTarget;
			buildConfigurationList = 23A88A21170E1B850045CB71 /* Build configuration list for PBXNativeTarget "QuestTests" */;
			buildPhases = (
				23A88A07170E1B850045CB71 /* Sources */,
				23A88A08170E1B850045CB71 /* Frameworks */,
				23A88A09170E1B850045CB71 /* Resources */,
				23A88A0A170E1B850045CB71 /* ShellScript */,
			);
			buildRules = (
			);
			dependencies = (
				23A88A12170E1B850045CB71 /* PBXTargetDependency */,
			);
			name = QuestTests;
			productName = QuestTests;
			productReference = 23A88A0C170E1B850045CB71 /* QuestTests.octest */;
			productType = "com.apple.product-type.bundle";
		};
/* End PBXNativeTarget section */

/* Begin PBXProject section */
		23A889DB170E1B850045CB71 /* Project object */ = {
			isa = PBXProject;
			attributes = {
				LastUpgradeCheck = 0460;
				ORGANIZATIONNAME = truman;
			};
			buildConfigurationList = 23A889DE170E1B850045CB71 /* Build configuration list for PBXProject "Quest" */;
			compatibilityVersion = "Xcode 3.2";
			developmentRegion = English;
			hasScannedForEncodings = 0;
			knownRegions = (
				en,
			);
			mainGroup = 23A889DA170E1B850045CB71;
			productRefGroup = 23A889E4170E1B850045CB71 /* Products */;
			projectDirPath = "";
			projectRoot = "";
			targets = (
				23A889E2170E1B850045CB71 /* Quest */,
				23A88A0B170E1B850045CB71 /* QuestTests */,
			);
		};
/* End PBXProject section */

/* Begin PBXResourcesBuildPhase section */
		23A889E1170E1B850045CB71 /* Resources */ = {
			isa = PBXResourcesBuildPhase;
			buildActionMask = 2147483647;
			files = (
				23A889F1170E1B850045CB71 /* InfoPlist.strings in Resources */,
				23A889F9170E1B850045CB71 /* Default.png in Resources */,
				23A889FB170E1B850045CB71 /* Default@2x.png in Resources */,
				23A889FD170E1B850045CB71 /* Default-568h@2x.png in Resources */,
				23A88A03170E1B850045CB71 /* HomeViewController_iPhone.xib in Resources */,
				23A88A06170E1B850045CB71 /* HomeViewController_iPad.xib in Resources */,
				23A88A2B170E30030045CB71 /* Introduction.plist in Resources */,
				23A88A3D170E6F4D0045CB71 /* CreateQuestViewController.xib in Resources */,
				23A88A49170E74710045CB71 /* checkmark_active.png in Resources */,
				23A88A4A170E74710045CB71 /* checkmark_active@2x.png in Resources */,
				23A88A4B170E74710045CB71 /* checkmark_inactive.png in Resources */,
				23A88A4C170E74710045CB71 /* checkmark_inactive@2x.png in Resources */,
				239A858E1718A5590091AC34 /* uiss.json in Resources */,
				239A85921718B7580091AC34 /* CALIBRI.TTF in Resources */,
				239A85931718B7580091AC34 /* CALIBRIB.TTF in Resources */,
				239A8599171C852C0091AC34 /* quest-navbar@2x.png in Resources */,
				23EBBBD1171E08A500AAEC77 /* Settings.png in Resources */,
				23EBBBD2171E08A500AAEC77 /* Settings@2x.png in Resources */,
				23EBBBD9171E0F2100AAEC77 /* Add.png in Resources */,
				23EBBBDA171E0F2100AAEC77 /* Add@2x.png in Resources */,
				23EBBBE7171E322200AAEC77 /* agsquare@2x.png in Resources */,
				23EBBBE8171E322200AAEC77 /* agsquare.png in Resources */,
				23EBBBEB171E3C4600AAEC77 /* navbarShadow.png in Resources */,
				23EBBBEC171E3C4600AAEC77 /* navbarShadow@2x.png in Resources */,
				23EBBBEE171E3E1800AAEC77 /* quest-navbar.png in Resources */,
				23EBBBF1171E3EC000AAEC77 /* pw_maze_black.png in Resources */,
				23EBBBF2171E3EC000AAEC77 /* pw_maze_black@2x.png in Resources */,
				23476E74171F64CC0018F3AF /* Icon-72.png in Resources */,
				23476E75171F64CC0018F3AF /* Icon-72@2x.png in Resources */,
				23476E76171F64CC0018F3AF /* Icon-Small-50.png in Resources */,
				23476E77171F64CC0018F3AF /* Icon-Small-50@2x.png in Resources */,
				23476E78171F64CC0018F3AF /* Icon-Small.png in Resources */,
				23476E79171F64CC0018F3AF /* Icon-Small@2x.png in Resources */,
				23476E7A171F64CC0018F3AF /* Icon.png in Resources */,
				23476E7B171F64CC0018F3AF /* Icon@2x.png in Resources */,
				23476E7C171F64CC0018F3AF /* iTunesArtwork.png in Resources */,
				23476E7D171F64CC0018F3AF /* iTunesArtwork@2x.png in Resources */,
				232CDCB91725CA0100BBB880 /* Cancel.png in Resources */,
				232CDCBA1725CA0100BBB880 /* Cancel@2x.png in Resources */,
				232CDCBF1725CF1200BBB880 /* Back.png in Resources */,
				232CDCC01725CF1200BBB880 /* Back@2x.png in Resources */,
				232CDCC11725CF1200BBB880 /* Forward.png in Resources */,
				232CDCC21725CF1200BBB880 /* Forward@2x.png in Resources */,
				23F0E71D173324D9009E386F /* SampleImage1.png in Resources */,
				23F0E71E173324D9009E386F /* SampleImage1@2x.png in Resources */,
				23F0E71F173324D9009E386F /* SampleImage2.png in Resources */,
				23F0E720173324D9009E386F /* SampleImage2@2x.png in Resources */,
				23E2549F175554B8005EA046 /* AddWaypointViewController.xib in Resources */,
				239CF6891757E4EE00BFB1C3 /* WaypointDetailViewController.xib in Resources */,
				239CF692175809B000BFB1C3 /* quest-navbar-landscape.png in Resources */,
				239CF693175809B000BFB1C3 /* quest-navbar-landscape@2x.png in Resources */,
				239CF69717593DE500BFB1C3 /* Settings.bundle in Resources */,
				239CF69E175942A200BFB1C3 /* ImageUploadManager.m in Resources */,
				23B492A0175D5D100019268E /* SettingsViewController.xib in Resources */,
				23719F78177A47830068408F /* facebook.png in Resources */,
				23719F79177A47830068408F /* facebook@2x.png in Resources */,
				23719F7A177A47830068408F /* location_icon.png in Resources */,
				23719F7B177A47830068408F /* location_icon@2x.png in Resources */,
				23719F7C177A47830068408F /* notification.png in Resources */,
				23719F7D177A47830068408F /* notification@2x.png in Resources */,
				23719F7E177A47830068408F /* qr_code.png in Resources */,
				23719F7F177A47830068408F /* qr_code@2x.png in Resources */,
				23719F9C177A57110068408F /* quest_button.gif in Resources */,
			);
			runOnlyForDeploymentPostprocessing = 0;
		};
		23A88A09170E1B850045CB71 /* Resources */ = {
			isa = PBXResourcesBuildPhase;
			buildActionMask = 2147483647;
			files = (
				23A88A18170E1B850045CB71 /* InfoPlist.strings in Resources */,
			);
			runOnlyForDeploymentPostprocessing = 0;
		};
/* End PBXResourcesBuildPhase section */

/* Begin PBXShellScriptBuildPhase section */
		23A88A0A170E1B850045CB71 /* ShellScript */ = {
			isa = PBXShellScriptBuildPhase;
			buildActionMask = 2147483647;
			files = (
			);
			inputPaths = (
			);
			outputPaths = (
			);
			runOnlyForDeploymentPostprocessing = 0;
			shellPath = /bin/sh;
			shellScript = "# Run the unit tests in this test bundle.\n\"${SYSTEM_DEVELOPER_DIR}/Tools/RunUnitTests\"\n";
		};
		23E254A017556FE3005EA046 /* ShellScript */ = {
			isa = PBXShellScriptBuildPhase;
			buildActionMask = 2147483647;
			files = (
			);
			inputPaths = (
			);
			outputPaths = (
			);
			runOnlyForDeploymentPostprocessing = 0;
			shellPath = /bin/sh;
			shellScript = "/Users/christophertruman/Desktop/Quest/Pods/Pods-resources.sh";
		};
/* End PBXShellScriptBuildPhase section */

/* Begin PBXSourcesBuildPhase section */
		23A889DF170E1B850045CB71 /* Sources */ = {
			isa = PBXSourcesBuildPhase;
			buildActionMask = 2147483647;
			files = (
				23A88A41170E6FA40045CB71 /* CreateQuestViewController.m in Sources */,
				23A889F3170E1B850045CB71 /* main.m in Sources */,
				23A889F7170E1B850045CB71 /* AppDelegate.m in Sources */,
				23A88A27170E2F7C0045CB71 /* IntroductionPanelCreator.m in Sources */,
				23A88A40170E6F5D0045CB71 /* HomeViewController.m in Sources */,
				23A88A52170E75550045CB71 /* Quest.m in Sources */,
				23A88A56170F5FC00045CB71 /* RegisterSubclasses.m in Sources */,
				239CF69C1759423C00BFB1C3 /* ImageUploadManager.m in Sources */,
				239A8589171764980091AC34 /* Waypoint.m in Sources */,
				23EBBBD6171E09A300AAEC77 /* UIBarButtonItem+ImageButton.m in Sources */,
				23EBBBE0171E29EC00AAEC77 /* QuestStyledTableViewCell.m in Sources */,
				23EBBBE4171E2C7000AAEC77 /* UACellBackgroundView.m in Sources */,
				23476E84172099850018F3AF /* QuestViewController.m in Sources */,
				232CDCC51725D47F00BBB880 /* WaypointStyledTableViewCell.m in Sources */,
				2357F541172A11C200B59ADB /* AddWaypointViewController.m in Sources */,
				23E254A317557813005EA046 /* Invite.m in Sources */,
				239CF67E1757313100BFB1C3 /* QuestActivity.m in Sources */,
				239CF6811757CE7900BFB1C3 /* ActiveQuestViewController.m in Sources */,
				239CF6841757DC1900BFB1C3 /* ActiveWaypointStyledTableViewCell.m in Sources */,
				239CF6881757E4EE00BFB1C3 /* WaypointDetailViewController.m in Sources */,
				239CF68C1757F91B00BFB1C3 /* QuestYouTubeVideoPlayerViewController.m in Sources */,
				239CF68F1757FBCF00BFB1C3 /* UINavigationController+Orientation.m in Sources */,
				23B4929B17594AF30019268E /* NSRunLoop+TimeOutAndFlag.m in Sources */,
				23B4929F175D5D100019268E /* SettingsViewController.m in Sources */,
			);
			runOnlyForDeploymentPostprocessing = 0;
		};
		23A88A07170E1B850045CB71 /* Sources */ = {
			isa = PBXSourcesBuildPhase;
			buildActionMask = 2147483647;
			files = (
				23A88A1B170E1B850045CB71 /* QuestTests.m in Sources */,
			);
			runOnlyForDeploymentPostprocessing = 0;
		};
/* End PBXSourcesBuildPhase section */

/* Begin PBXTargetDependency section */
		23A88A12170E1B850045CB71 /* PBXTargetDependency */ = {
			isa = PBXTargetDependency;
			target = 23A889E2170E1B850045CB71 /* Quest */;
			targetProxy = 23A88A11170E1B850045CB71 /* PBXContainerItemProxy */;
		};
/* End PBXTargetDependency section */

/* Begin PBXVariantGroup section */
		23A889EF170E1B850045CB71 /* InfoPlist.strings */ = {
			isa = PBXVariantGroup;
			children = (
				23A889F0170E1B850045CB71 /* en */,
			);
			name = InfoPlist.strings;
			sourceTree = "<group>";
		};
		23A88A01170E1B850045CB71 /* HomeViewController_iPhone.xib */ = {
			isa = PBXVariantGroup;
			children = (
				23A88A02170E1B850045CB71 /* en */,
			);
			name = HomeViewController_iPhone.xib;
			sourceTree = "<group>";
		};
		23A88A04170E1B850045CB71 /* HomeViewController_iPad.xib */ = {
			isa = PBXVariantGroup;
			children = (
				23A88A05170E1B850045CB71 /* en */,
			);
			name = HomeViewController_iPad.xib;
			sourceTree = "<group>";
		};
		23A88A16170E1B850045CB71 /* InfoPlist.strings */ = {
			isa = PBXVariantGroup;
			children = (
				23A88A17170E1B850045CB71 /* en */,
			);
			name = InfoPlist.strings;
			sourceTree = "<group>";
		};
/* End PBXVariantGroup section */

/* Begin XCBuildConfiguration section */
		23A88A1C170E1B850045CB71 /* Debug */ = {
			isa = XCBuildConfiguration;
			baseConfigurationReference = 387F01572FBB4BE5A3CA1214 /* Pods.xcconfig */;
			buildSettings = {
				ALWAYS_SEARCH_USER_PATHS = NO;
				CLANG_CXX_LANGUAGE_STANDARD = "gnu++0x";
				CLANG_CXX_LIBRARY = "libc++";
				CLANG_ENABLE_OBJC_ARC = YES;
				CLANG_WARN_CONSTANT_CONVERSION = YES;
				CLANG_WARN_EMPTY_BODY = YES;
				CLANG_WARN_ENUM_CONVERSION = YES;
				CLANG_WARN_INT_CONVERSION = YES;
				CLANG_WARN__DUPLICATE_METHOD_MATCH = YES;
				CODE_SIGN_IDENTITY = "iPhone Developer: Christopher Truman (XL8C53TT76)";
				"CODE_SIGN_IDENTITY[sdk=iphoneos*]" = "iPhone Developer: Christopher Truman (XL8C53TT76)";
				COPY_PHASE_STRIP = NO;
				GCC_C_LANGUAGE_STANDARD = gnu99;
				GCC_DYNAMIC_NO_PIC = NO;
				GCC_OPTIMIZATION_LEVEL = 0;
				GCC_PREPROCESSOR_DEFINITIONS = (
					"DEBUG=1",
					"$(inherited)",
				);
				GCC_SYMBOLS_PRIVATE_EXTERN = NO;
				GCC_WARN_ABOUT_RETURN_TYPE = YES;
				GCC_WARN_UNINITIALIZED_AUTOS = YES;
				GCC_WARN_UNUSED_VARIABLE = YES;
				IPHONEOS_DEPLOYMENT_TARGET = 6.1;
				ONLY_ACTIVE_ARCH = YES;
				PROVISIONING_PROFILE = "4CE84FEF-4831-4202-9C48-BA81756BF711";
				"PROVISIONING_PROFILE[sdk=iphoneos*]" = "4CE84FEF-4831-4202-9C48-BA81756BF711";
				SDKROOT = iphoneos;
				TARGETED_DEVICE_FAMILY = "1,2";
			};
			name = Debug;
		};
		23A88A1D170E1B850045CB71 /* Release */ = {
			isa = XCBuildConfiguration;
			baseConfigurationReference = 387F01572FBB4BE5A3CA1214 /* Pods.xcconfig */;
			buildSettings = {
				ALWAYS_SEARCH_USER_PATHS = NO;
				CLANG_CXX_LANGUAGE_STANDARD = "gnu++0x";
				CLANG_CXX_LIBRARY = "libc++";
				CLANG_ENABLE_OBJC_ARC = YES;
				CLANG_WARN_CONSTANT_CONVERSION = YES;
				CLANG_WARN_EMPTY_BODY = YES;
				CLANG_WARN_ENUM_CONVERSION = YES;
				CLANG_WARN_INT_CONVERSION = YES;
				CLANG_WARN__DUPLICATE_METHOD_MATCH = YES;
				CODE_SIGN_IDENTITY = "iPhone Developer: Christopher Truman (XL8C53TT76)";
				"CODE_SIGN_IDENTITY[sdk=iphoneos*]" = "iPhone Developer: Christopher Truman (XL8C53TT76)";
				COPY_PHASE_STRIP = YES;
				GCC_C_LANGUAGE_STANDARD = gnu99;
				GCC_WARN_ABOUT_RETURN_TYPE = YES;
				GCC_WARN_UNINITIALIZED_AUTOS = YES;
				GCC_WARN_UNUSED_VARIABLE = YES;
				IPHONEOS_DEPLOYMENT_TARGET = 6.1;
				OTHER_CFLAGS = "-DNS_BLOCK_ASSERTIONS=1";
				PROVISIONING_PROFILE = "4CE84FEF-4831-4202-9C48-BA81756BF711";
				"PROVISIONING_PROFILE[sdk=iphoneos*]" = "4CE84FEF-4831-4202-9C48-BA81756BF711";
				SDKROOT = iphoneos;
				TARGETED_DEVICE_FAMILY = "1,2";
				VALIDATE_PRODUCT = YES;
			};
			name = Release;
		};
		23A88A1F170E1B850045CB71 /* Debug */ = {
			isa = XCBuildConfiguration;
			baseConfigurationReference = 387F01572FBB4BE5A3CA1214 /* Pods.xcconfig */;
			buildSettings = {
				CODE_SIGN_ENTITLEMENTS = Quest/Quest.entitlements;
				CODE_SIGN_IDENTITY = "iPhone Developer";
				"CODE_SIGN_IDENTITY[sdk=iphoneos*]" = "iPhone Developer";
				GCC_PRECOMPILE_PREFIX_HEADER = YES;
				GCC_PREFIX_HEADER = "Quest/Quest-Prefix.pch";
				INFOPLIST_FILE = "Quest/Quest-Info.plist";
				IPHONEOS_DEPLOYMENT_TARGET = 6.0;
				PRODUCT_NAME = "$(TARGET_NAME)";
				PROVISIONING_PROFILE = "";
				"PROVISIONING_PROFILE[sdk=iphoneos*]" = "";
				WRAPPER_EXTENSION = app;
			};
			name = Debug;
		};
		23A88A20170E1B850045CB71 /* Release */ = {
			isa = XCBuildConfiguration;
			baseConfigurationReference = 387F01572FBB4BE5A3CA1214 /* Pods.xcconfig */;
			buildSettings = {
				CODE_SIGN_ENTITLEMENTS = Quest/Quest.entitlements;
				CODE_SIGN_IDENTITY = "iPhone Developer";
				"CODE_SIGN_IDENTITY[sdk=iphoneos*]" = "iPhone Developer";
				GCC_PRECOMPILE_PREFIX_HEADER = YES;
				GCC_PREFIX_HEADER = "Quest/Quest-Prefix.pch";
				INFOPLIST_FILE = "Quest/Quest-Info.plist";
				IPHONEOS_DEPLOYMENT_TARGET = 6.0;
				PRODUCT_NAME = "$(TARGET_NAME)";
				PROVISIONING_PROFILE = "";
				"PROVISIONING_PROFILE[sdk=iphoneos*]" = "";
				WRAPPER_EXTENSION = app;
			};
			name = Release;
		};
		23A88A22170E1B850045CB71 /* Debug */ = {
			isa = XCBuildConfiguration;
			buildSettings = {
				BUNDLE_LOADER = "$(BUILT_PRODUCTS_DIR)/Quest.app/Quest";
				FRAMEWORK_SEARCH_PATHS = (
					"\"$(SDKROOT)/Developer/Library/Frameworks\"",
					"\"$(DEVELOPER_LIBRARY_DIR)/Frameworks\"",
				);
				GCC_PRECOMPILE_PREFIX_HEADER = YES;
				GCC_PREFIX_HEADER = "Quest/Quest-Prefix.pch";
				INFOPLIST_FILE = "QuestTests/QuestTests-Info.plist";
				PRODUCT_NAME = "$(TARGET_NAME)";
				TEST_HOST = "$(BUNDLE_LOADER)";
				WRAPPER_EXTENSION = octest;
			};
			name = Debug;
		};
		23A88A23170E1B850045CB71 /* Release */ = {
			isa = XCBuildConfiguration;
			buildSettings = {
				BUNDLE_LOADER = "$(BUILT_PRODUCTS_DIR)/Quest.app/Quest";
				FRAMEWORK_SEARCH_PATHS = (
					"\"$(SDKROOT)/Developer/Library/Frameworks\"",
					"\"$(DEVELOPER_LIBRARY_DIR)/Frameworks\"",
				);
				GCC_PRECOMPILE_PREFIX_HEADER = YES;
				GCC_PREFIX_HEADER = "Quest/Quest-Prefix.pch";
				INFOPLIST_FILE = "QuestTests/QuestTests-Info.plist";
				PRODUCT_NAME = "$(TARGET_NAME)";
				TEST_HOST = "$(BUNDLE_LOADER)";
				WRAPPER_EXTENSION = octest;
			};
			name = Release;
		};
/* End XCBuildConfiguration section */

/* Begin XCConfigurationList section */
		23A889DE170E1B850045CB71 /* Build configuration list for PBXProject "Quest" */ = {
			isa = XCConfigurationList;
			buildConfigurations = (
				23A88A1C170E1B850045CB71 /* Debug */,
				23A88A1D170E1B850045CB71 /* Release */,
			);
			defaultConfigurationIsVisible = 0;
			defaultConfigurationName = Release;
		};
		23A88A1E170E1B850045CB71 /* Build configuration list for PBXNativeTarget "Quest" */ = {
			isa = XCConfigurationList;
			buildConfigurations = (
				23A88A1F170E1B850045CB71 /* Debug */,
				23A88A20170E1B850045CB71 /* Release */,
			);
			defaultConfigurationIsVisible = 0;
			defaultConfigurationName = Release;
		};
		23A88A21170E1B850045CB71 /* Build configuration list for PBXNativeTarget "QuestTests" */ = {
			isa = XCConfigurationList;
			buildConfigurations = (
				23A88A22170E1B850045CB71 /* Debug */,
				23A88A23170E1B850045CB71 /* Release */,
			);
			defaultConfigurationIsVisible = 0;
			defaultConfigurationName = Release;
		};
/* End XCConfigurationList section */
	};
	rootObject = 23A889DB170E1B850045CB71 /* Project object */;
}
